{
  "object": {
    "pins": [
      {
        "package": "Library_D",
        "repositoryURL": "https://github.com/debora-garcia/Library.git",
        "state": {
          "branch": null,
          "revision": "16dd50746398414c3f84e80800200a11ad15b3b0",
          "version": null
        }
      }
    ]
  },
  "version": 1
}
